// !$*UTF8*$!
{
	archiveVersion = 1;
	classes = {
	};
	objectVersion = 56;
	objects = {

/* Begin PBXBuildFile section */
		9C0170822B302A810011A614 /* GameSettingsView.swift in Sources */ = {isa = PBXBuildFile; fileRef = 9C0170812B302A810011A614 /* GameSettingsView.swift */; };
		9C1D8D1E2B364EAA0069A214 /* ErrorWrapper.swift in Sources */ = {isa = PBXBuildFile; fileRef = 9C1D8D1D2B364EAA0069A214 /* ErrorWrapper.swift */; };
		9C1D8D202B364ED40069A214 /* ErrorView.swift in Sources */ = {isa = PBXBuildFile; fileRef = 9C1D8D1F2B364ED40069A214 /* ErrorView.swift */; };
		9C5D99D32B33CE1800C36824 /* InfoView.swift in Sources */ = {isa = PBXBuildFile; fileRef = 9C5D99D22B33CE1800C36824 /* InfoView.swift */; };
		9C84606A2B06ABF4006B6A02 /* DiceTrackerApp.swift in Sources */ = {isa = PBXBuildFile; fileRef = 9C8460692B06ABF4006B6A02 /* DiceTrackerApp.swift */; };
		9C84606C2B06ABF4006B6A02 /* MenuView.swift in Sources */ = {isa = PBXBuildFile; fileRef = 9C84606B2B06ABF4006B6A02 /* MenuView.swift */; };
		9C84606E2B06ABF7006B6A02 /* Assets.xcassets in Resources */ = {isa = PBXBuildFile; fileRef = 9C84606D2B06ABF7006B6A02 /* Assets.xcassets */; };
		9C8460712B06ABF7006B6A02 /* Preview Assets.xcassets in Resources */ = {isa = PBXBuildFile; fileRef = 9C8460702B06ABF7006B6A02 /* Preview Assets.xcassets */; };
		9C8460792B06AC8D006B6A02 /* DataModel.xcdatamodeld in Sources */ = {isa = PBXBuildFile; fileRef = 9C8460772B06AC8D006B6A02 /* DataModel.xcdatamodeld */; };
		9C8460822B06B390006B6A02 /* DataController.swift in Sources */ = {isa = PBXBuildFile; fileRef = 9C8460812B06B390006B6A02 /* DataController.swift */; };
		9C8460882B06E886006B6A02 /* ViewController.swift in Sources */ = {isa = PBXBuildFile; fileRef = 9C8460872B06E886006B6A02 /* ViewController.swift */; };
		9C84608D2B0C85C3006B6A02 /* GameView.swift in Sources */ = {isa = PBXBuildFile; fileRef = 9C84608C2B0C85C3006B6A02 /* GameView.swift */; };
/* End PBXBuildFile section */

/* Begin PBXFileReference section */
		9C0170812B302A810011A614 /* GameSettingsView.swift */ = {isa = PBXFileReference; lastKnownFileType = sourcecode.swift; path = GameSettingsView.swift; sourceTree = "<group>"; };
		9C1D8D1D2B364EAA0069A214 /* ErrorWrapper.swift */ = {isa = PBXFileReference; lastKnownFileType = sourcecode.swift; path = ErrorWrapper.swift; sourceTree = "<group>"; };
		9C1D8D1F2B364ED40069A214 /* ErrorView.swift */ = {isa = PBXFileReference; lastKnownFileType = sourcecode.swift; path = ErrorView.swift; sourceTree = "<group>"; };
		9C5D99D22B33CE1800C36824 /* InfoView.swift */ = {isa = PBXFileReference; lastKnownFileType = sourcecode.swift; path = InfoView.swift; sourceTree = "<group>"; };
		9C8460662B06ABF4006B6A02 /* DiceTracker.app */ = {isa = PBXFileReference; explicitFileType = wrapper.application; includeInIndex = 0; path = DiceTracker.app; sourceTree = BUILT_PRODUCTS_DIR; };
		9C8460692B06ABF4006B6A02 /* DiceTrackerApp.swift */ = {isa = PBXFileReference; lastKnownFileType = sourcecode.swift; path = DiceTrackerApp.swift; sourceTree = "<group>"; };
		9C84606B2B06ABF4006B6A02 /* MenuView.swift */ = {isa = PBXFileReference; lastKnownFileType = sourcecode.swift; path = MenuView.swift; sourceTree = "<group>"; };
		9C84606D2B06ABF7006B6A02 /* Assets.xcassets */ = {isa = PBXFileReference; lastKnownFileType = folder.assetcatalog; path = Assets.xcassets; sourceTree = "<group>"; };
		9C8460702B06ABF7006B6A02 /* Preview Assets.xcassets */ = {isa = PBXFileReference; lastKnownFileType = folder.assetcatalog; path = "Preview Assets.xcassets"; sourceTree = "<group>"; };
		9C8460782B06AC8D006B6A02 /* DataModel.xcdatamodel */ = {isa = PBXFileReference; lastKnownFileType = wrapper.xcdatamodel; path = DataModel.xcdatamodel; sourceTree = "<group>"; };
		9C8460812B06B390006B6A02 /* DataController.swift */ = {isa = PBXFileReference; lastKnownFileType = sourcecode.swift; path = DataController.swift; sourceTree = "<group>"; };
		9C8460872B06E886006B6A02 /* ViewController.swift */ = {isa = PBXFileReference; lastKnownFileType = sourcecode.swift; path = ViewController.swift; sourceTree = "<group>"; };
		9C84608C2B0C85C3006B6A02 /* GameView.swift */ = {isa = PBXFileReference; lastKnownFileType = sourcecode.swift; path = GameView.swift; sourceTree = "<group>"; };
/* End PBXFileReference section */

/* Begin PBXFrameworksBuildPhase section */
		9C8460632B06ABF4006B6A02 /* Frameworks */ = {
			isa = PBXFrameworksBuildPhase;
			buildActionMask = 2147483647;
			files = (
			);
			runOnlyForDeploymentPostprocessing = 0;
		};
/* End PBXFrameworksBuildPhase section */

/* Begin PBXGroup section */
		9C1D8D212B364EE10069A214 /* ErrorHandling */ = {
			isa = PBXGroup;
			children = (
				9C1D8D1D2B364EAA0069A214 /* ErrorWrapper.swift */,
				9C1D8D1F2B364ED40069A214 /* ErrorView.swift */,
			);
			path = ErrorHandling;
			sourceTree = "<group>";
		};
		9C1D8D222B364EF30069A214 /* Views */ = {
			isa = PBXGroup;
			children = (
				9C84606B2B06ABF4006B6A02 /* MenuView.swift */,
				9C84608C2B0C85C3006B6A02 /* GameView.swift */,
				9C5D99D22B33CE1800C36824 /* InfoView.swift */,
				9C0170812B302A810011A614 /* GameSettingsView.swift */,
			);
			path = Views;
			sourceTree = "<group>";
		};
		9C84605D2B06ABF4006B6A02 = {
			isa = PBXGroup;
			children = (
				9C8460682B06ABF4006B6A02 /* DiceTracker */,
				9C8460672B06ABF4006B6A02 /* Products */,
			);
			sourceTree = "<group>";
		};
		9C8460672B06ABF4006B6A02 /* Products */ = {
			isa = PBXGroup;
			children = (
				9C8460662B06ABF4006B6A02 /* DiceTracker.app */,
			);
			name = Products;
			sourceTree = "<group>";
		};
		9C8460682B06ABF4006B6A02 /* DiceTracker */ = {
			isa = PBXGroup;
			children = (
				9C8460692B06ABF4006B6A02 /* DiceTrackerApp.swift */,
				9C8460872B06E886006B6A02 /* ViewController.swift */,
				9C1D8D222B364EF30069A214 /* Views */,
				9C1D8D212B364EE10069A214 /* ErrorHandling */,
				9C84606D2B06ABF7006B6A02 /* Assets.xcassets */,
				9C84606F2B06ABF7006B6A02 /* Preview Content */,
				9C84607A2B06ACC9006B6A02 /* Core Data */,
			);
			path = DiceTracker;
			sourceTree = "<group>";
		};
		9C84606F2B06ABF7006B6A02 /* Preview Content */ = {
			isa = PBXGroup;
			children = (
				9C8460702B06ABF7006B6A02 /* Preview Assets.xcassets */,
			);
			path = "Preview Content";
			sourceTree = "<group>";
		};
		9C84607A2B06ACC9006B6A02 /* Core Data */ = {
			isa = PBXGroup;
			children = (
				9C8460772B06AC8D006B6A02 /* DataModel.xcdatamodeld */,
				9C8460812B06B390006B6A02 /* DataController.swift */,
			);
			path = "Core Data";
			sourceTree = "<group>";
		};
/* End PBXGroup section */

/* Begin PBXNativeTarget section */
		9C8460652B06ABF4006B6A02 /* DiceTracker */ = {
			isa = PBXNativeTarget;
			buildConfigurationList = 9C8460742B06ABF7006B6A02 /* Build configuration list for PBXNativeTarget "DiceTracker" */;
			buildPhases = (
				9C8460622B06ABF4006B6A02 /* Sources */,
				9C8460632B06ABF4006B6A02 /* Frameworks */,
				9C8460642B06ABF4006B6A02 /* Resources */,
			);
			buildRules = (
			);
			dependencies = (
			);
			name = DiceTracker;
			productName = Scratch;
			productReference = 9C8460662B06ABF4006B6A02 /* DiceTracker.app */;
			productType = "com.apple.product-type.application";
		};
/* End PBXNativeTarget section */

/* Begin PBXProject section */
		9C84605E2B06ABF4006B6A02 /* Project object */ = {
			isa = PBXProject;
			attributes = {
				BuildIndependentTargetsInParallel = 1;
				LastSwiftUpdateCheck = 1420;
				LastUpgradeCheck = 1510;
				TargetAttributes = {
					9C8460652B06ABF4006B6A02 = {
						CreatedOnToolsVersion = 14.2;
					};
				};
			};
			buildConfigurationList = 9C8460612B06ABF4006B6A02 /* Build configuration list for PBXProject "DiceTracker" */;
			compatibilityVersion = "Xcode 14.0";
			developmentRegion = en;
			hasScannedForEncodings = 0;
			knownRegions = (
				en,
				Base,
			);
			mainGroup = 9C84605D2B06ABF4006B6A02;
			productRefGroup = 9C8460672B06ABF4006B6A02 /* Products */;
			projectDirPath = "";
			projectRoot = "";
			targets = (
				9C8460652B06ABF4006B6A02 /* DiceTracker */,
			);
		};
/* End PBXProject section */

/* Begin PBXResourcesBuildPhase section */
		9C8460642B06ABF4006B6A02 /* Resources */ = {
			isa = PBXResourcesBuildPhase;
			buildActionMask = 2147483647;
			files = (
				9C8460712B06ABF7006B6A02 /* Preview Assets.xcassets in Resources */,
				9C84606E2B06ABF7006B6A02 /* Assets.xcassets in Resources */,
			);
			runOnlyForDeploymentPostprocessing = 0;
		};
/* End PBXResourcesBuildPhase section */

/* Begin PBXSourcesBuildPhase section */
		9C8460622B06ABF4006B6A02 /* Sources */ = {
			isa = PBXSourcesBuildPhase;
			buildActionMask = 2147483647;
			files = (
				9C5D99D32B33CE1800C36824 /* InfoView.swift in Sources */,
				9C8460792B06AC8D006B6A02 /* DataModel.xcdatamodeld in Sources */,
				9C8460822B06B390006B6A02 /* DataController.swift in Sources */,
				9C1D8D1E2B364EAA0069A214 /* ErrorWrapper.swift in Sources */,
				9C0170822B302A810011A614 /* GameSettingsView.swift in Sources */,
				9C1D8D202B364ED40069A214 /* ErrorView.swift in Sources */,
				9C84606C2B06ABF4006B6A02 /* MenuView.swift in Sources */,
				9C84606A2B06ABF4006B6A02 /* DiceTrackerApp.swift in Sources */,
				9C8460882B06E886006B6A02 /* ViewController.swift in Sources */,
				9C84608D2B0C85C3006B6A02 /* GameView.swift in Sources */,
			);
			runOnlyForDeploymentPostprocessing = 0;
		};
/* End PBXSourcesBuildPhase section */

/* Begin XCBuildConfiguration section */
		9C8460722B06ABF7006B6A02 /* Debug */ = {
			isa = XCBuildConfiguration;
			buildSettings = {
				ALWAYS_SEARCH_USER_PATHS = NO;
				CLANG_ANALYZER_NONNULL = YES;
				CLANG_ANALYZER_NUMBER_OBJECT_CONVERSION = YES_AGGRESSIVE;
				CLANG_CXX_LANGUAGE_STANDARD = "gnu++20";
				CLANG_ENABLE_MODULES = YES;
				CLANG_ENABLE_OBJC_ARC = YES;
				CLANG_ENABLE_OBJC_WEAK = YES;
				CLANG_WARN_BLOCK_CAPTURE_AUTORELEASING = YES;
				CLANG_WARN_BOOL_CONVERSION = YES;
				CLANG_WARN_COMMA = YES;
				CLANG_WARN_CONSTANT_CONVERSION = YES;
				CLANG_WARN_DEPRECATED_OBJC_IMPLEMENTATIONS = YES;
				CLANG_WARN_DIRECT_OBJC_ISA_USAGE = YES_ERROR;
				CLANG_WARN_DOCUMENTATION_COMMENTS = YES;
				CLANG_WARN_EMPTY_BODY = YES;
				CLANG_WARN_ENUM_CONVERSION = YES;
				CLANG_WARN_INFINITE_RECURSION = YES;
				CLANG_WARN_INT_CONVERSION = YES;
				CLANG_WARN_NON_LITERAL_NULL_CONVERSION = YES;
				CLANG_WARN_OBJC_IMPLICIT_RETAIN_SELF = YES;
				CLANG_WARN_OBJC_LITERAL_CONVERSION = YES;
				CLANG_WARN_OBJC_ROOT_CLASS = YES_ERROR;
				CLANG_WARN_QUOTED_INCLUDE_IN_FRAMEWORK_HEADER = YES;
				CLANG_WARN_RANGE_LOOP_ANALYSIS = YES;
				CLANG_WARN_STRICT_PROTOTYPES = YES;
				CLANG_WARN_SUSPICIOUS_MOVE = YES;
				CLANG_WARN_UNGUARDED_AVAILABILITY = YES_AGGRESSIVE;
				CLANG_WARN_UNREACHABLE_CODE = YES;
				CLANG_WARN__DUPLICATE_METHOD_MATCH = YES;
				COPY_PHASE_STRIP = NO;
				DEBUG_INFORMATION_FORMAT = dwarf;
				ENABLE_STRICT_OBJC_MSGSEND = YES;
				ENABLE_TESTABILITY = YES;
				ENABLE_USER_SCRIPT_SANDBOXING = YES;
				GCC_C_LANGUAGE_STANDARD = gnu11;
				GCC_DYNAMIC_NO_PIC = NO;
				GCC_NO_COMMON_BLOCKS = YES;
				GCC_OPTIMIZATION_LEVEL = 0;
				GCC_PREPROCESSOR_DEFINITIONS = (
					"DEBUG=1",
					"$(inherited)",
				);
				GCC_WARN_64_TO_32_BIT_CONVERSION = YES;
				GCC_WARN_ABOUT_RETURN_TYPE = YES_ERROR;
				GCC_WARN_UNDECLARED_SELECTOR = YES;
				GCC_WARN_UNINITIALIZED_AUTOS = YES_AGGRESSIVE;
				GCC_WARN_UNUSED_FUNCTION = YES;
				GCC_WARN_UNUSED_VARIABLE = YES;
				IPHONEOS_DEPLOYMENT_TARGET = 16.2;
				MTL_ENABLE_DEBUG_INFO = INCLUDE_SOURCE;
				MTL_FAST_MATH = YES;
				ONLY_ACTIVE_ARCH = YES;
				SDKROOT = iphoneos;
				SWIFT_ACTIVE_COMPILATION_CONDITIONS = DEBUG;
				SWIFT_OPTIMIZATION_LEVEL = "-Onone";
			};
			name = Debug;
		};
		9C8460732B06ABF7006B6A02 /* Release */ = {
			isa = XCBuildConfiguration;
			buildSettings = {
				ALWAYS_SEARCH_USER_PATHS = NO;
				CLANG_ANALYZER_NONNULL = YES;
				CLANG_ANALYZER_NUMBER_OBJECT_CONVERSION = YES_AGGRESSIVE;
				CLANG_CXX_LANGUAGE_STANDARD = "gnu++20";
				CLANG_ENABLE_MODULES = YES;
				CLANG_ENABLE_OBJC_ARC = YES;
				CLANG_ENABLE_OBJC_WEAK = YES;
				CLANG_WARN_BLOCK_CAPTURE_AUTORELEASING = YES;
				CLANG_WARN_BOOL_CONVERSION = YES;
				CLANG_WARN_COMMA = YES;
				CLANG_WARN_CONSTANT_CONVERSION = YES;
				CLANG_WARN_DEPRECATED_OBJC_IMPLEMENTATIONS = YES;
				CLANG_WARN_DIRECT_OBJC_ISA_USAGE = YES_ERROR;
				CLANG_WARN_DOCUMENTATION_COMMENTS = YES;
				CLANG_WARN_EMPTY_BODY = YES;
				CLANG_WARN_ENUM_CONVERSION = YES;
				CLANG_WARN_INFINITE_RECURSION = YES;
				CLANG_WARN_INT_CONVERSION = YES;
				CLANG_WARN_NON_LITERAL_NULL_CONVERSION = YES;
				CLANG_WARN_OBJC_IMPLICIT_RETAIN_SELF = YES;
				CLANG_WARN_OBJC_LITERAL_CONVERSION = YES;
				CLANG_WARN_OBJC_ROOT_CLASS = YES_ERROR;
				CLANG_WARN_QUOTED_INCLUDE_IN_FRAMEWORK_HEADER = YES;
				CLANG_WARN_RANGE_LOOP_ANALYSIS = YES;
				CLANG_WARN_STRICT_PROTOTYPES = YES;
				CLANG_WARN_SUSPICIOUS_MOVE = YES;
				CLANG_WARN_UNGUARDED_AVAILABILITY = YES_AGGRESSIVE;
				CLANG_WARN_UNREACHABLE_CODE = YES;
				CLANG_WARN__DUPLICATE_METHOD_MATCH = YES;
				COPY_PHASE_STRIP = NO;
				DEBUG_INFORMATION_FORMAT = "dwarf-with-dsym";
				ENABLE_NS_ASSERTIONS = NO;
				ENABLE_STRICT_OBJC_MSGSEND = YES;
				ENABLE_USER_SCRIPT_SANDBOXING = YES;
				GCC_C_LANGUAGE_STANDARD = gnu11;
				GCC_NO_COMMON_BLOCKS = YES;
				GCC_WARN_64_TO_32_BIT_CONVERSION = YES;
				GCC_WARN_ABOUT_RETURN_TYPE = YES_ERROR;
				GCC_WARN_UNDECLARED_SELECTOR = YES;
				GCC_WARN_UNINITIALIZED_AUTOS = YES_AGGRESSIVE;
				GCC_WARN_UNUSED_FUNCTION = YES;
				GCC_WARN_UNUSED_VARIABLE = YES;
				IPHONEOS_DEPLOYMENT_TARGET = 16.2;
				MTL_ENABLE_DEBUG_INFO = NO;
				MTL_FAST_MATH = YES;
				SDKROOT = iphoneos;
				SWIFT_COMPILATION_MODE = wholemodule;
				SWIFT_OPTIMIZATION_LEVEL = "-O";
				VALIDATE_PRODUCT = YES;
			};
			name = Release;
		};
		9C8460752B06ABF7006B6A02 /* Debug */ = {
			isa = XCBuildConfiguration;
			buildSettings = {
				ASSETCATALOG_COMPILER_APPICON_NAME = AppIcon;
				ASSETCATALOG_COMPILER_GLOBAL_ACCENT_COLOR_NAME = AccentColor;
				CODE_SIGN_STYLE = Automatic;
				CURRENT_PROJECT_VERSION = 1;
				DEVELOPMENT_ASSET_PATHS = "\"DiceTracker/Preview Content\"";
				DEVELOPMENT_TEAM = 2UT52S3D52;
				ENABLE_PREVIEWS = YES;
				GENERATE_INFOPLIST_FILE = YES;
				INFOPLIST_FILE = "";
				INFOPLIST_KEY_UIApplicationSupportsIndirectInputEvents = YES;
				INFOPLIST_KEY_UILaunchScreen_Generation = YES;
				INFOPLIST_KEY_UIRequiresFullScreen = YES;
				INFOPLIST_KEY_UIStatusBarStyle = "";
				INFOPLIST_KEY_UISupportedInterfaceOrientations = UIInterfaceOrientationPortrait;
				LD_RUNPATH_SEARCH_PATHS = (
					"$(inherited)",
					"@executable_path/Frameworks",
				);
				MARKETING_VERSION = 1.0;
				PRODUCT_BUNDLE_IDENTIFIER = Whuncc.DiceTracker;
				PRODUCT_NAME = "$(TARGET_NAME)";
				SWIFT_EMIT_LOC_STRINGS = YES;
				SWIFT_VERSION = 5.0;
				TARGETED_DEVICE_FAMILY = "1,2";
			};
			name = Debug;
		};
		9C8460762B06ABF7006B6A02 /* Release */ = {
			isa = XCBuildConfiguration;
			buildSettings = {
				ASSETCATALOG_COMPILER_APPICON_NAME = AppIcon;
				ASSETCATALOG_COMPILER_GLOBAL_ACCENT_COLOR_NAME = AccentColor;
				CODE_SIGN_STYLE = Automatic;
				CURRENT_PROJECT_VERSION = 1;
				DEVELOPMENT_ASSET_PATHS = "\"DiceTracker/Preview Content\"";
				DEVELOPMENT_TEAM = 2UT52S3D52;
				ENABLE_PREVIEWS = YES;
				GENERATE_INFOPLIST_FILE = YES;
				INFOPLIST_FILE = "";
				INFOPLIST_KEY_UIApplicationSupportsIndirectInputEvents = YES;
				INFOPLIST_KEY_UILaunchScreen_Generation = YES;
				INFOPLIST_KEY_UIRequiresFullScreen = YES;
				INFOPLIST_KEY_UIStatusBarStyle = "";
				INFOPLIST_KEY_UISupportedInterfaceOrientations = UIInterfaceOrientationPortrait;
				LD_RUNPATH_SEARCH_PATHS = (
					"$(inherited)",
					"@executable_path/Frameworks",
				);
				MARKETING_VERSION = 1.0;
				PRODUCT_BUNDLE_IDENTIFIER = Whuncc.DiceTracker;
				PRODUCT_NAME = "$(TARGET_NAME)";
				SWIFT_EMIT_LOC_STRINGS = YES;
				SWIFT_VERSION = 5.0;
				TARGETED_DEVICE_FAMILY = "1,2";
			};
			name = Release;
		};
/* End XCBuildConfiguration section */

/* Begin XCConfigurationList section */
		9C8460612B06ABF4006B6A02 /* Build configuration list for PBXProject "DiceTracker" */ = {
			isa = XCConfigurationList;
			buildConfigurations = (
				9C8460722B06ABF7006B6A02 /* Debug */,
				9C8460732B06ABF7006B6A02 /* Release */,
			);
			defaultConfigurationIsVisible = 0;
			defaultConfigurationName = Release;
		};
		9C8460742B06ABF7006B6A02 /* Build configuration list for PBXNativeTarget "DiceTracker" */ = {
			isa = XCConfigurationList;
			buildConfigurations = (
				9C8460752B06ABF7006B6A02 /* Debug */,
				9C8460762B06ABF7006B6A02 /* Release */,
			);
			defaultConfigurationIsVisible = 0;
			defaultConfigurationName = Release;
		};
/* End XCConfigurationList section */

/* Begin XCVersionGroup section */
		9C8460772B06AC8D006B6A02 /* DataModel.xcdatamodeld */ = {
			isa = XCVersionGroup;
			children = (
				9C8460782B06AC8D006B6A02 /* DataModel.xcdatamodel */,
			);
			currentVersion = 9C8460782B06AC8D006B6A02 /* DataModel.xcdatamodel */;
			path = DataModel.xcdatamodeld;
			sourceTree = "<group>";
			versionGroupType = wrapper.xcdatamodel;
		};
/* End XCVersionGroup section */
	};
	rootObject = 9C84605E2B06ABF4006B6A02 /* Project object */;
}
